
Microsoft Visual Studio Solution File, Format Version 12.00
# Visual Studio Version 17
VisualStudioVersion = 17.0.31903.59
MinimumVisualStudioVersion = 10.0.40219.1
Project("{2150E333-8FDC-42A3-9474-1A3956D46DE8}") = "src", "src", "{827E0CD3-B72D-47B6-A68D-7590B98EB39B}"
EndProject
Project("{FAE04EC0-301F-11D3-BF4B-00C04F79EFBC}") = "RestLib", "src\RestLib\RestLib.csproj", "{017336D0-9E47-4418-9CAB-4A4F3E5164A4}"
EndProject
Project("{FAE04EC0-301F-11D3-BF4B-00C04F79EFBC}") = "RestLib.InMemory", "src\RestLib.InMemory\RestLib.InMemory.csproj", "{A1B2C3D4-E5F6-7890-ABCD-EF1234567890}"
EndProject
Project("{2150E333-8FDC-42A3-9474-1A3956D46DE8}") = "samples", "samples", "{B1234567-89AB-CDEF-0123-456789ABCDEF}"
EndProject
Project("{FAE04EC0-301F-11D3-BF4B-00C04F79EFBC}") = "RestLib.Sample", "samples\RestLib.Sample\RestLib.Sample.csproj", "{C2345678-9ABC-DEF0-1234-56789ABCDEF0}"
EndProject
Project("{2150E333-8FDC-42A3-9474-1A3956D46DE8}") = "tests", "tests", "{0AB3BF05-4346-4AA6-1389-037BE0695223}"
EndProject
Project("{FAE04EC0-301F-11D3-BF4B-00C04F79EFBC}") = "RestLib.Tests", "tests\RestLib.Tests\RestLib.Tests.csproj", "{E941BF63-AE90-4A25-9012-50B355532C7F}"
EndProject
Project("{2150E333-8FDC-42A3-9474-1A3956D46DE8}") = "benchmarks", "benchmarks", "{66320409-64EC-F7C5-3DEF-65E7510DAAD1}"
EndProject
Project("{FAE04EC0-301F-11D3-BF4B-00C04F79EFBC}") = "RestLib.Benchmarks", "benchmarks\RestLib.Benchmarks\RestLib.Benchmarks.csproj", "{48A51F8D-A2CA-4B19-8CBA-9E41F289A751}"
EndProject
Project("{FAE04EC0-301F-11D3-BF4B-00C04F79EFBC}") = "RestLib.EntityFrameworkCore", "src\RestLib.EntityFrameworkCore\RestLib.EntityFrameworkCore.csproj", "{56D37B3E-1505-467A-8FBC-D55A0148E052}"
EndProject
Project("{FAE04EC0-301F-11D3-BF4B-00C04F79EFBC}") = "RestLib.EntityFrameworkCore.Tests", "tests\RestLib.EntityFrameworkCore.Tests\RestLib.EntityFrameworkCore.Tests.csproj", "{69CA58D1-645F-4FE1-8BE7-FB87A38E8EA1}"
EndProject
Global
	GlobalSection(SolutionConfigurationPlatforms) = preSolution
		Debug|Any CPU = Debug|Any CPU
		Debug|x64 = Debug|x64
		Debug|x86 = Debug|x86
		Release|Any CPU = Release|Any CPU
		Release|x64 = Release|x64
		Release|x86 = Release|x86
	EndGlobalSection
	GlobalSection(ProjectConfigurationPlatforms) = postSolution
		{017336D0-9E47-4418-9CAB-4A4F3E5164A4}.Debug|Any CPU.ActiveCfg = Debug|Any CPU
		{017336D0-9E47-4418-9CAB-4A4F3E5164A4}.Debug|Any CPU.Build.0 = Debug|Any CPU
		{017336D0-9E47-4418-9CAB-4A4F3E5164A4}.Debug|x64.ActiveCfg = Debug|Any CPU
		{017336D0-9E47-4418-9CAB-4A4F3E5164A4}.Debug|x64.Build.0 = Debug|Any CPU
		{017336D0-9E47-4418-9CAB-4A4F3E5164A4}.Debug|x86.ActiveCfg = Debug|Any CPU
		{017336D0-9E47-4418-9CAB-4A4F3E5164A4}.Debug|x86.Build.0 = Debug|Any CPU
		{017336D0-9E47-4418-9CAB-4A4F3E5164A4}.Release|Any CPU.ActiveCfg = Release|Any CPU
		{017336D0-9E47-4418-9CAB-4A4F3E5164A4}.Release|Any CPU.Build.0 = Release|Any CPU
		{017336D0-9E47-4418-9CAB-4A4F3E5164A4}.Release|x64.ActiveCfg = Release|Any CPU
		{017336D0-9E47-4418-9CAB-4A4F3E5164A4}.Release|x64.Build.0 = Release|Any CPU
		{017336D0-9E47-4418-9CAB-4A4F3E5164A4}.Release|x86.ActiveCfg = Release|Any CPU
		{017336D0-9E47-4418-9CAB-4A4F3E5164A4}.Release|x86.Build.0 = Release|Any CPU
		{A1B2C3D4-E5F6-7890-ABCD-EF1234567890}.Debug|Any CPU.ActiveCfg = Debug|Any CPU
		{A1B2C3D4-E5F6-7890-ABCD-EF1234567890}.Debug|Any CPU.Build.0 = Debug|Any CPU
		{A1B2C3D4-E5F6-7890-ABCD-EF1234567890}.Debug|x64.ActiveCfg = Debug|Any CPU
		{A1B2C3D4-E5F6-7890-ABCD-EF1234567890}.Debug|x64.Build.0 = Debug|Any CPU
		{A1B2C3D4-E5F6-7890-ABCD-EF1234567890}.Debug|x86.ActiveCfg = Debug|Any CPU
		{A1B2C3D4-E5F6-7890-ABCD-EF1234567890}.Debug|x86.Build.0 = Debug|Any CPU
		{A1B2C3D4-E5F6-7890-ABCD-EF1234567890}.Release|Any CPU.ActiveCfg = Release|Any CPU
		{A1B2C3D4-E5F6-7890-ABCD-EF1234567890}.Release|Any CPU.Build.0 = Release|Any CPU
		{A1B2C3D4-E5F6-7890-ABCD-EF1234567890}.Release|x64.ActiveCfg = Release|Any CPU
		{A1B2C3D4-E5F6-7890-ABCD-EF1234567890}.Release|x64.Build.0 = Release|Any CPU
		{A1B2C3D4-E5F6-7890-ABCD-EF1234567890}.Release|x86.ActiveCfg = Release|Any CPU
		{A1B2C3D4-E5F6-7890-ABCD-EF1234567890}.Release|x86.Build.0 = Release|Any CPU
		{C2345678-9ABC-DEF0-1234-56789ABCDEF0}.Debug|Any CPU.ActiveCfg = Debug|Any CPU
		{C2345678-9ABC-DEF0-1234-56789ABCDEF0}.Debug|Any CPU.Build.0 = Debug|Any CPU
		{C2345678-9ABC-DEF0-1234-56789ABCDEF0}.Debug|x64.ActiveCfg = Debug|Any CPU
		{C2345678-9ABC-DEF0-1234-56789ABCDEF0}.Debug|x64.Build.0 = Debug|Any CPU
		{C2345678-9ABC-DEF0-1234-56789ABCDEF0}.Debug|x86.ActiveCfg = Debug|Any CPU
		{C2345678-9ABC-DEF0-1234-56789ABCDEF0}.Debug|x86.Build.0 = Debug|Any CPU
		{C2345678-9ABC-DEF0-1234-56789ABCDEF0}.Release|Any CPU.ActiveCfg = Release|Any CPU
		{C2345678-9ABC-DEF0-1234-56789ABCDEF0}.Release|Any CPU.Build.0 = Release|Any CPU
		{C2345678-9ABC-DEF0-1234-56789ABCDEF0}.Release|x64.ActiveCfg = Release|Any CPU
		{C2345678-9ABC-DEF0-1234-56789ABCDEF0}.Release|x64.Build.0 = Release|Any CPU
		{C2345678-9ABC-DEF0-1234-56789ABCDEF0}.Release|x86.ActiveCfg = Release|Any CPU
		{C2345678-9ABC-DEF0-1234-56789ABCDEF0}.Release|x86.Build.0 = Release|Any CPU
		{E941BF63-AE90-4A25-9012-50B355532C7F}.Debug|Any CPU.ActiveCfg = Debug|Any CPU
		{E941BF63-AE90-4A25-9012-50B355532C7F}.Debug|Any CPU.Build.0 = Debug|Any CPU
		{E941BF63-AE90-4A25-9012-50B355532C7F}.Debug|x64.ActiveCfg = Debug|Any CPU
		{E941BF63-AE90-4A25-9012-50B355532C7F}.Debug|x64.Build.0 = Debug|Any CPU
		{E941BF63-AE90-4A25-9012-50B355532C7F}.Debug|x86.ActiveCfg = Debug|Any CPU
		{E941BF63-AE90-4A25-9012-50B355532C7F}.Debug|x86.Build.0 = Debug|Any CPU
		{E941BF63-AE90-4A25-9012-50B355532C7F}.Release|Any CPU.ActiveCfg = Release|Any CPU
		{E941BF63-AE90-4A25-9012-50B355532C7F}.Release|Any CPU.Build.0 = Release|Any CPU
		{E941BF63-AE90-4A25-9012-50B355532C7F}.Release|x64.ActiveCfg = Release|Any CPU
		{E941BF63-AE90-4A25-9012-50B355532C7F}.Release|x64.Build.0 = Release|Any CPU
		{E941BF63-AE90-4A25-9012-50B355532C7F}.Release|x86.ActiveCfg = Release|Any CPU
		{E941BF63-AE90-4A25-9012-50B355532C7F}.Release|x86.Build.0 = Release|Any CPU
		{48A51F8D-A2CA-4B19-8CBA-9E41F289A751}.Debug|Any CPU.ActiveCfg = Debug|Any CPU
		{48A51F8D-A2CA-4B19-8CBA-9E41F289A751}.Debug|Any CPU.Build.0 = Debug|Any CPU
		{48A51F8D-A2CA-4B19-8CBA-9E41F289A751}.Debug|x64.ActiveCfg = Debug|Any CPU
		{48A51F8D-A2CA-4B19-8CBA-9E41F289A751}.Debug|x64.Build.0 = Debug|Any CPU
		{48A51F8D-A2CA-4B19-8CBA-9E41F289A751}.Debug|x86.ActiveCfg = Debug|Any CPU
		{48A51F8D-A2CA-4B19-8CBA-9E41F289A751}.Debug|x86.Build.0 = Debug|Any CPU
		{48A51F8D-A2CA-4B19-8CBA-9E41F289A751}.Release|Any CPU.ActiveCfg = Release|Any CPU
		{48A51F8D-A2CA-4B19-8CBA-9E41F289A751}.Release|Any CPU.Build.0 = Release|Any CPU
		{48A51F8D-A2CA-4B19-8CBA-9E41F289A751}.Release|x64.ActiveCfg = Release|Any CPU
		{48A51F8D-A2CA-4B19-8CBA-9E41F289A751}.Release|x64.Build.0 = Release|Any CPU
		{48A51F8D-A2CA-4B19-8CBA-9E41F289A751}.Release|x86.ActiveCfg = Release|Any CPU
		{48A51F8D-A2CA-4B19-8CBA-9E41F289A751}.Release|x86.Build.0 = Release|Any CPU
		{56D37B3E-1505-467A-8FBC-D55A0148E052}.Debug|Any CPU.ActiveCfg = Debug|Any CPU
		{56D37B3E-1505-467A-8FBC-D55A0148E052}.Debug|Any CPU.Build.0 = Debug|Any CPU
		{56D37B3E-1505-467A-8FBC-D55A0148E052}.Debug|x64.ActiveCfg = Debug|Any CPU
		{56D37B3E-1505-467A-8FBC-D55A0148E052}.Debug|x64.Build.0 = Debug|Any CPU
		{56D37B3E-1505-467A-8FBC-D55A0148E052}.Debug|x86.ActiveCfg = Debug|Any CPU
		{56D37B3E-1505-467A-8FBC-D55A0148E052}.Debug|x86.Build.0 = Debug|Any CPU
		{56D37B3E-1505-467A-8FBC-D55A0148E052}.Release|Any CPU.ActiveCfg = Release|Any CPU
		{56D37B3E-1505-467A-8FBC-D55A0148E052}.Release|Any CPU.Build.0 = Release|Any CPU
		{56D37B3E-1505-467A-8FBC-D55A0148E052}.Release|x64.ActiveCfg = Release|Any CPU
		{56D37B3E-1505-467A-8FBC-D55A0148E052}.Release|x64.Build.0 = Release|Any CPU
		{56D37B3E-1505-467A-8FBC-D55A0148E052}.Release|x86.ActiveCfg = Release|Any CPU
		{56D37B3E-1505-467A-8FBC-D55A0148E052}.Release|x86.Build.0 = Release|Any CPU
		{69CA58D1-645F-4FE1-8BE7-FB87A38E8EA1}.Debug|Any CPU.ActiveCfg = Debug|Any CPU
		{69CA58D1-645F-4FE1-8BE7-FB87A38E8EA1}.Debug|Any CPU.Build.0 = Debug|Any CPU
		{69CA58D1-645F-4FE1-8BE7-FB87A38E8EA1}.Debug|x64.ActiveCfg = Debug|Any CPU
		{69CA58D1-645F-4FE1-8BE7-FB87A38E8EA1}.Debug|x64.Build.0 = Debug|Any CPU
		{69CA58D1-645F-4FE1-8BE7-FB87A38E8EA1}.Debug|x86.ActiveCfg = Debug|Any CPU
		{69CA58D1-645F-4FE1-8BE7-FB87A38E8EA1}.Debug|x86.Build.0 = Debug|Any CPU
		{69CA58D1-645F-4FE1-8BE7-FB87A38E8EA1}.Release|Any CPU.ActiveCfg = Release|Any CPU
		{69CA58D1-645F-4FE1-8BE7-FB87A38E8EA1}.Release|Any CPU.Build.0 = Release|Any CPU
		{69CA58D1-645F-4FE1-8BE7-FB87A38E8EA1}.Release|x64.ActiveCfg = Release|Any CPU
		{69CA58D1-645F-4FE1-8BE7-FB87A38E8EA1}.Release|x64.Build.0 = Release|Any CPU
		{69CA58D1-645F-4FE1-8BE7-FB87A38E8EA1}.Release|x86.ActiveCfg = Release|Any CPU
		{69CA58D1-645F-4FE1-8BE7-FB87A38E8EA1}.Release|x86.Build.0 = Release|Any CPU
	EndGlobalSection
	GlobalSection(SolutionProperties) = preSolution
		HideSolutionNode = FALSE
	EndGlobalSection
	GlobalSection(NestedProjects) = preSolution
		{017336D0-9E47-4418-9CAB-4A4F3E5164A4} = {827E0CD3-B72D-47B6-A68D-7590B98EB39B}
		{A1B2C3D4-E5F6-7890-ABCD-EF1234567890} = {827E0CD3-B72D-47B6-A68D-7590B98EB39B}
		{C2345678-9ABC-DEF0-1234-56789ABCDEF0} = {B1234567-89AB-CDEF-0123-456789ABCDEF}
		{E941BF63-AE90-4A25-9012-50B355532C7F} = {0AB3BF05-4346-4AA6-1389-037BE0695223}
		{48A51F8D-A2CA-4B19-8CBA-9E41F289A751} = {66320409-64EC-F7C5-3DEF-65E7510DAAD1}
		{56D37B3E-1505-467A-8FBC-D55A0148E052} = {827E0CD3-B72D-47B6-A68D-7590B98EB39B}
		{69CA58D1-645F-4FE1-8BE7-FB87A38E8EA1} = {0AB3BF05-4346-4AA6-1389-037BE0695223}
	EndGlobalSection
EndGlobal
